// !$*UTF8*$!
{
	archiveVersion = 1;
	classes = {
	};
	objectVersion = 55;
	objects = {

/* Begin PBXBuildFile section */
		97C08D022756CC5B0041887F /* AppDelegate.swift in Sources */ = {isa = PBXBuildFile; fileRef = 97C08D012756CC5B0041887F /* AppDelegate.swift */; };
		97C08D042756CC5B0041887F /* ViewController.swift in Sources */ = {isa = PBXBuildFile; fileRef = 97C08D032756CC5B0041887F /* ViewController.swift */; };
		97C08D072756CC5B0041887F /* GameEngine.xcdatamodeld in Sources */ = {isa = PBXBuildFile; fileRef = 97C08D052756CC5B0041887F /* GameEngine.xcdatamodeld */; };
		97C08D092756CC5C0041887F /* Assets.xcassets in Resources */ = {isa = PBXBuildFile; fileRef = 97C08D082756CC5C0041887F /* Assets.xcassets */; };
		97C08D0C2756CC5C0041887F /* Main.storyboard in Resources */ = {isa = PBXBuildFile; fileRef = 97C08D0A2756CC5C0041887F /* Main.storyboard */; };
		97C08D152756CF460041887F /* GameView.swift in Sources */ = {isa = PBXBuildFile; fileRef = 97C08D142756CF460041887F /* GameView.swift */; };
		97C08D172756D3940041887F /* basicshader.metal in Sources */ = {isa = PBXBuildFile; fileRef = 97C08D162756D3940041887F /* basicshader.metal */; };
		97C08D19275D14A30041887F /* Types.swift in Sources */ = {isa = PBXBuildFile; fileRef = 97C08D18275D14A30041887F /* Types.swift */; };
		97C08D1F27600A970041887F /* Engine.swift in Sources */ = {isa = PBXBuildFile; fileRef = 97C08D1E27600A970041887F /* Engine.swift */; };
		97C08D2127600DC10041887F /* Preferences.swift in Sources */ = {isa = PBXBuildFile; fileRef = 97C08D2027600DC10041887F /* Preferences.swift */; };
		97C08D23276010340041887F /* ShaderLibrary.swift in Sources */ = {isa = PBXBuildFile; fileRef = 97C08D22276010340041887F /* ShaderLibrary.swift */; };
		97C08D25276015DE0041887F /* VertexDescriptorLibrary.swift in Sources */ = {isa = PBXBuildFile; fileRef = 97C08D24276015DE0041887F /* VertexDescriptorLibrary.swift */; };
		97C08D27276018DF0041887F /* RenderPipelineDescriptorLibrary.swift in Sources */ = {isa = PBXBuildFile; fileRef = 97C08D26276018DE0041887F /* RenderPipelineDescriptorLibrary.swift */; };
		97C08D2927601C1B0041887F /* RenderPipelineStateLibrary.swift in Sources */ = {isa = PBXBuildFile; fileRef = 97C08D2827601C1B0041887F /* RenderPipelineStateLibrary.swift */; };
		97C08D2C2761653A0041887F /* GameObject.swift in Sources */ = {isa = PBXBuildFile; fileRef = 97C08D2B2761653A0041887F /* GameObject.swift */; };
		97C08D2E276168BB0041887F /* Renderer.swift in Sources */ = {isa = PBXBuildFile; fileRef = 97C08D2D276168BB0041887F /* Renderer.swift */; };
		97C08D302764CE000041887F /* MeshLibrary.swift in Sources */ = {isa = PBXBuildFile; fileRef = 97C08D2F2764CE000041887F /* MeshLibrary.swift */; };
		97C08D322764D2430041887F /* Player.swift in Sources */ = {isa = PBXBuildFile; fileRef = 97C08D312764D2430041887F /* Player.swift */; };
		97C08D342764D3A10041887F /* Node.swift in Sources */ = {isa = PBXBuildFile; fileRef = 97C08D332764D3A10041887F /* Node.swift */; };
		97C08D372764D4880041887F /* Renderable.swift in Sources */ = {isa = PBXBuildFile; fileRef = 97C08D362764D4880041887F /* Renderable.swift */; };
		97C08D3A27650F290041887F /* Math.swift in Sources */ = {isa = PBXBuildFile; fileRef = 97C08D3927650F290041887F /* Math.swift */; };
/* End PBXBuildFile section */

/* Begin PBXFileReference section */
		97C08CFE2756CC5B0041887F /* GameEngine.app */ = {isa = PBXFileReference; explicitFileType = wrapper.application; includeInIndex = 0; path = GameEngine.app; sourceTree = BUILT_PRODUCTS_DIR; };
		97C08D012756CC5B0041887F /* AppDelegate.swift */ = {isa = PBXFileReference; lastKnownFileType = sourcecode.swift; path = AppDelegate.swift; sourceTree = "<group>"; };
		97C08D032756CC5B0041887F /* ViewController.swift */ = {isa = PBXFileReference; lastKnownFileType = sourcecode.swift; path = ViewController.swift; sourceTree = "<group>"; };
		97C08D062756CC5B0041887F /* GameEngine.xcdatamodel */ = {isa = PBXFileReference; lastKnownFileType = wrapper.xcdatamodel; path = GameEngine.xcdatamodel; sourceTree = "<group>"; };
		97C08D082756CC5C0041887F /* Assets.xcassets */ = {isa = PBXFileReference; lastKnownFileType = folder.assetcatalog; path = Assets.xcassets; sourceTree = "<group>"; };
		97C08D0B2756CC5C0041887F /* Base */ = {isa = PBXFileReference; lastKnownFileType = file.storyboard; name = Base; path = Base.lproj/Main.storyboard; sourceTree = "<group>"; };
		97C08D0D2756CC5C0041887F /* GameEngine.entitlements */ = {isa = PBXFileReference; lastKnownFileType = text.plist.entitlements; path = GameEngine.entitlements; sourceTree = "<group>"; };
		97C08D142756CF460041887F /* GameView.swift */ = {isa = PBXFileReference; lastKnownFileType = sourcecode.swift; path = GameView.swift; sourceTree = "<group>"; };
		97C08D162756D3940041887F /* basicshader.metal */ = {isa = PBXFileReference; lastKnownFileType = sourcecode.metal; path = basicshader.metal; sourceTree = "<group>"; };
		97C08D18275D14A30041887F /* Types.swift */ = {isa = PBXFileReference; lastKnownFileType = sourcecode.swift; path = Types.swift; sourceTree = "<group>"; };
		97C08D1E27600A970041887F /* Engine.swift */ = {isa = PBXFileReference; lastKnownFileType = sourcecode.swift; path = Engine.swift; sourceTree = "<group>"; };
		97C08D2027600DC10041887F /* Preferences.swift */ = {isa = PBXFileReference; lastKnownFileType = sourcecode.swift; path = Preferences.swift; sourceTree = "<group>"; };
		97C08D22276010340041887F /* ShaderLibrary.swift */ = {isa = PBXFileReference; lastKnownFileType = sourcecode.swift; path = ShaderLibrary.swift; sourceTree = "<group>"; };
		97C08D24276015DE0041887F /* VertexDescriptorLibrary.swift */ = {isa = PBXFileReference; lastKnownFileType = sourcecode.swift; path = VertexDescriptorLibrary.swift; sourceTree = "<group>"; };
		97C08D26276018DE0041887F /* RenderPipelineDescriptorLibrary.swift */ = {isa = PBXFileReference; lastKnownFileType = sourcecode.swift; path = RenderPipelineDescriptorLibrary.swift; sourceTree = "<group>"; };
		97C08D2827601C1B0041887F /* RenderPipelineStateLibrary.swift */ = {isa = PBXFileReference; lastKnownFileType = sourcecode.swift; path = RenderPipelineStateLibrary.swift; sourceTree = "<group>"; };
		97C08D2B2761653A0041887F /* GameObject.swift */ = {isa = PBXFileReference; lastKnownFileType = sourcecode.swift; path = GameObject.swift; sourceTree = "<group>"; };
		97C08D2D276168BB0041887F /* Renderer.swift */ = {isa = PBXFileReference; lastKnownFileType = sourcecode.swift; path = Renderer.swift; sourceTree = "<group>"; };
		97C08D2F2764CE000041887F /* MeshLibrary.swift */ = {isa = PBXFileReference; lastKnownFileType = sourcecode.swift; path = MeshLibrary.swift; sourceTree = "<group>"; };
		97C08D312764D2430041887F /* Player.swift */ = {isa = PBXFileReference; lastKnownFileType = sourcecode.swift; path = Player.swift; sourceTree = "<group>"; };
		97C08D332764D3A10041887F /* Node.swift */ = {isa = PBXFileReference; lastKnownFileType = sourcecode.swift; path = Node.swift; sourceTree = "<group>"; };
		97C08D362764D4880041887F /* Renderable.swift */ = {isa = PBXFileReference; lastKnownFileType = sourcecode.swift; path = Renderable.swift; sourceTree = "<group>"; };
		97C08D3927650F290041887F /* Math.swift */ = {isa = PBXFileReference; lastKnownFileType = sourcecode.swift; path = Math.swift; sourceTree = "<group>"; };
/* End PBXFileReference section */

/* Begin PBXFrameworksBuildPhase section */
		97C08CFB2756CC5B0041887F /* Frameworks */ = {
			isa = PBXFrameworksBuildPhase;
			buildActionMask = 2147483647;
			files = (
			);
			runOnlyForDeploymentPostprocessing = 0;
		};
/* End PBXFrameworksBuildPhase section */

/* Begin PBXGroup section */
		97C08CF52756CC5A0041887F = {
			isa = PBXGroup;
			children = (
				97C08D002756CC5B0041887F /* GameEngine */,
				97C08CFF2756CC5B0041887F /* Products */,
			);
			sourceTree = "<group>";
		};
		97C08CFF2756CC5B0041887F /* Products */ = {
			isa = PBXGroup;
			children = (
				97C08CFE2756CC5B0041887F /* GameEngine.app */,
			);
			name = Products;
			sourceTree = "<group>";
		};
		97C08D002756CC5B0041887F /* GameEngine */ = {
			isa = PBXGroup;
			children = (
				97C08D3827650F080041887F /* Maths */,
				97C08D2A2761650D0041887F /* GameShiz */,
				97C08D1D276009AA0041887F /* Core */,
				97C08D1C276009840041887F /* Display */,
				97C08D1B276009650041887F /* Shaders */,
				97C08D1A2760095D0041887F /* Libraries */,
				97C08D132756CD820041887F /* SupportingFiles */,
			);
			path = GameEngine;
			sourceTree = "<group>";
		};
		97C08D132756CD820041887F /* SupportingFiles */ = {
			isa = PBXGroup;
			children = (
				97C08D052756CC5B0041887F /* GameEngine.xcdatamodeld */,
				97C08D012756CC5B0041887F /* AppDelegate.swift */,
				97C08D032756CC5B0041887F /* ViewController.swift */,
				97C08D082756CC5C0041887F /* Assets.xcassets */,
				97C08D0D2756CC5C0041887F /* GameEngine.entitlements */,
			);
			path = SupportingFiles;
			sourceTree = "<group>";
		};
		97C08D1A2760095D0041887F /* Libraries */ = {
			isa = PBXGroup;
			children = (
				97C08D22276010340041887F /* ShaderLibrary.swift */,
				97C08D24276015DE0041887F /* VertexDescriptorLibrary.swift */,
				97C08D26276018DE0041887F /* RenderPipelineDescriptorLibrary.swift */,
				97C08D2827601C1B0041887F /* RenderPipelineStateLibrary.swift */,
				97C08D2F2764CE000041887F /* MeshLibrary.swift */,
			);
			path = Libraries;
			sourceTree = "<group>";
		};
		97C08D1B276009650041887F /* Shaders */ = {
			isa = PBXGroup;
			children = (
				97C08D162756D3940041887F /* basicshader.metal */,
			);
			path = Shaders;
			sourceTree = "<group>";
		};
		97C08D1C276009840041887F /* Display */ = {
			isa = PBXGroup;
			children = (
				97C08D142756CF460041887F /* GameView.swift */,
				97C08D2D276168BB0041887F /* Renderer.swift */,
				97C08D0A2756CC5C0041887F /* Main.storyboard */,
			);
			path = Display;
			sourceTree = "<group>";
		};
		97C08D1D276009AA0041887F /* Core */ = {
			isa = PBXGroup;
			children = (
				97C08D18275D14A30041887F /* Types.swift */,
				97C08D1E27600A970041887F /* Engine.swift */,
				97C08D2027600DC10041887F /* Preferences.swift */,
			);
			path = Core;
			sourceTree = "<group>";
		};
		97C08D2A2761650D0041887F /* GameShiz */ = {
			isa = PBXGroup;
			children = (
				97C08D332764D3A10041887F /* Node.swift */,
				97C08D352764D4610041887F /* Protocols */,
				97C08D2B2761653A0041887F /* GameObject.swift */,
				97C08D312764D2430041887F /* Player.swift */,
			);
			path = GameShiz;
			sourceTree = "<group>";
		};
		97C08D352764D4610041887F /* Protocols */ = {
			isa = PBXGroup;
			children = (
				97C08D362764D4880041887F /* Renderable.swift */,
			);
			path = Protocols;
			sourceTree = "<group>";
		};
		97C08D3827650F080041887F /* Maths */ = {
			isa = PBXGroup;
			children = (
				97C08D3927650F290041887F /* Math.swift */,
			);
			path = Maths;
			sourceTree = "<group>";
		};
/* End PBXGroup section */

/* Begin PBXNativeTarget section */
		97C08CFD2756CC5B0041887F /* GameEngine */ = {
			isa = PBXNativeTarget;
			buildConfigurationList = 97C08D102756CC5C0041887F /* Build configuration list for PBXNativeTarget "GameEngine" */;
			buildPhases = (
				97C08CFA2756CC5B0041887F /* Sources */,
				97C08CFB2756CC5B0041887F /* Frameworks */,
				97C08CFC2756CC5B0041887F /* Resources */,
			);
			buildRules = (
			);
			dependencies = (
			);
			name = GameEngine;
			productName = GameEngine;
			productReference = 97C08CFE2756CC5B0041887F /* GameEngine.app */;
			productType = "com.apple.product-type.application";
		};
/* End PBXNativeTarget section */

/* Begin PBXProject section */
		97C08CF62756CC5B0041887F /* Project object */ = {
			isa = PBXProject;
			attributes = {
				BuildIndependentTargetsInParallel = 1;
				LastSwiftUpdateCheck = 1310;
				LastUpgradeCheck = 1310;
				TargetAttributes = {
					97C08CFD2756CC5B0041887F = {
						CreatedOnToolsVersion = 13.1;
					};
				};
			};
			buildConfigurationList = 97C08CF92756CC5B0041887F /* Build configuration list for PBXProject "GameEngine" */;
			compatibilityVersion = "Xcode 13.0";
			developmentRegion = en;
			hasScannedForEncodings = 0;
			knownRegions = (
				en,
				Base,
			);
			mainGroup = 97C08CF52756CC5A0041887F;
			productRefGroup = 97C08CFF2756CC5B0041887F /* Products */;
			projectDirPath = "";
			projectRoot = "";
			targets = (
				97C08CFD2756CC5B0041887F /* GameEngine */,
			);
		};
/* End PBXProject section */

/* Begin PBXResourcesBuildPhase section */
		97C08CFC2756CC5B0041887F /* Resources */ = {
			isa = PBXResourcesBuildPhase;
			buildActionMask = 2147483647;
			files = (
				97C08D092756CC5C0041887F /* Assets.xcassets in Resources */,
				97C08D0C2756CC5C0041887F /* Main.storyboard in Resources */,
			);
			runOnlyForDeploymentPostprocessing = 0;
		};
/* End PBXResourcesBuildPhase section */

/* Begin PBXSourcesBuildPhase section */
		97C08CFA2756CC5B0041887F /* Sources */ = {
			isa = PBXSourcesBuildPhase;
			buildActionMask = 2147483647;
			files = (
				97C08D072756CC5B0041887F /* GameEngine.xcdatamodeld in Sources */,
				97C08D23276010340041887F /* ShaderLibrary.swift in Sources */,
				97C08D2E276168BB0041887F /* Renderer.swift in Sources */,
				97C08D372764D4880041887F /* Renderable.swift in Sources */,
				97C08D042756CC5B0041887F /* ViewController.swift in Sources */,
				97C08D322764D2430041887F /* Player.swift in Sources */,
				97C08D172756D3940041887F /* basicshader.metal in Sources */,
				97C08D2C2761653A0041887F /* GameObject.swift in Sources */,
				97C08D302764CE000041887F /* MeshLibrary.swift in Sources */,
				97C08D25276015DE0041887F /* VertexDescriptorLibrary.swift in Sources */,
				97C08D19275D14A30041887F /* Types.swift in Sources */,
				97C08D342764D3A10041887F /* Node.swift in Sources */,
				97C08D2927601C1B0041887F /* RenderPipelineStateLibrary.swift in Sources */,
				97C08D152756CF460041887F /* GameView.swift in Sources */,
				97C08D3A27650F290041887F /* Math.swift in Sources */,
				97C08D022756CC5B0041887F /* AppDelegate.swift in Sources */,
				97C08D2127600DC10041887F /* Preferences.swift in Sources */,
				97C08D1F27600A970041887F /* Engine.swift in Sources */,
				97C08D27276018DF0041887F /* RenderPipelineDescriptorLibrary.swift in Sources */,
			);
			runOnlyForDeploymentPostprocessing = 0;
		};
/* End PBXSourcesBuildPhase section */

/* Begin PBXVariantGroup section */
		97C08D0A2756CC5C0041887F /* Main.storyboard */ = {
			isa = PBXVariantGroup;
			children = (
				97C08D0B2756CC5C0041887F /* Base */,
			);
			name = Main.storyboard;
			sourceTree = "<group>";
		};
/* End PBXVariantGroup section */

/* Begin XCBuildConfiguration section */
		97C08D0E2756CC5C0041887F /* Debug */ = {
			isa = XCBuildConfiguration;
			buildSettings = {
				ALWAYS_SEARCH_USER_PATHS = NO;
				CLANG_ANALYZER_NONNULL = YES;
				CLANG_ANALYZER_NUMBER_OBJECT_CONVERSION = YES_AGGRESSIVE;
				CLANG_CXX_LANGUAGE_STANDARD = "gnu++17";
				CLANG_CXX_LIBRARY = "libc++";
				CLANG_ENABLE_MODULES = YES;
				CLANG_ENABLE_OBJC_ARC = YES;
				CLANG_ENABLE_OBJC_WEAK = YES;
				CLANG_WARN_BLOCK_CAPTURE_AUTORELEASING = YES;
				CLANG_WARN_BOOL_CONVERSION = YES;
				CLANG_WARN_COMMA = YES;
				CLANG_WARN_CONSTANT_CONVERSION = YES;
				CLANG_WARN_DEPRECATED_OBJC_IMPLEMENTATIONS = YES;
				CLANG_WARN_DIRECT_OBJC_ISA_USAGE = YES_ERROR;
				CLANG_WARN_DOCUMENTATION_COMMENTS = YES;
				CLANG_WARN_EMPTY_BODY = YES;
				CLANG_WARN_ENUM_CONVERSION = YES;
				CLANG_WARN_INFINITE_RECURSION = YES;
				CLANG_WARN_INT_CONVERSION = YES;
				CLANG_WARN_NON_LITERAL_NULL_CONVERSION = YES;
				CLANG_WARN_OBJC_IMPLICIT_RETAIN_SELF = YES;
				CLANG_WARN_OBJC_LITERAL_CONVERSION = YES;
				CLANG_WARN_OBJC_ROOT_CLASS = YES_ERROR;
				CLANG_WARN_QUOTED_INCLUDE_IN_FRAMEWORK_HEADER = YES;
				CLANG_WARN_RANGE_LOOP_ANALYSIS = YES;
				CLANG_WARN_STRICT_PROTOTYPES = YES;
				CLANG_WARN_SUSPICIOUS_MOVE = YES;
				CLANG_WARN_UNGUARDED_AVAILABILITY = YES_AGGRESSIVE;
				CLANG_WARN_UNREACHABLE_CODE = YES;
				CLANG_WARN__DUPLICATE_METHOD_MATCH = YES;
				COPY_PHASE_STRIP = NO;
				DEBUG_INFORMATION_FORMAT = dwarf;
				ENABLE_STRICT_OBJC_MSGSEND = YES;
				ENABLE_TESTABILITY = YES;
				GCC_C_LANGUAGE_STANDARD = gnu11;
				GCC_DYNAMIC_NO_PIC = NO;
				GCC_NO_COMMON_BLOCKS = YES;
				GCC_OPTIMIZATION_LEVEL = 0;
				GCC_PREPROCESSOR_DEFINITIONS = (
					"DEBUG=1",
					"$(inherited)",
				);
				GCC_WARN_64_TO_32_BIT_CONVERSION = YES;
				GCC_WARN_ABOUT_RETURN_TYPE = YES_ERROR;
				GCC_WARN_UNDECLARED_SELECTOR = YES;
				GCC_WARN_UNINITIALIZED_AUTOS = YES_AGGRESSIVE;
				GCC_WARN_UNUSED_FUNCTION = YES;
				GCC_WARN_UNUSED_VARIABLE = YES;
				MACOSX_DEPLOYMENT_TARGET = 12.0;
				MTL_ENABLE_DEBUG_INFO = INCLUDE_SOURCE;
				MTL_FAST_MATH = YES;
				ONLY_ACTIVE_ARCH = YES;
				SDKROOT = macosx;
				SWIFT_ACTIVE_COMPILATION_CONDITIONS = DEBUG;
				SWIFT_OPTIMIZATION_LEVEL = "-Onone";
			};
			name = Debug;
		};
		97C08D0F2756CC5C0041887F /* Release */ = {
			isa = XCBuildConfiguration;
			buildSettings = {
				ALWAYS_SEARCH_USER_PATHS = NO;
				CLANG_ANALYZER_NONNULL = YES;
				CLANG_ANALYZER_NUMBER_OBJECT_CONVERSION = YES_AGGRESSIVE;
				CLANG_CXX_LANGUAGE_STANDARD = "gnu++17";
				CLANG_CXX_LIBRARY = "libc++";
				CLANG_ENABLE_MODULES = YES;
				CLANG_ENABLE_OBJC_ARC = YES;
				CLANG_ENABLE_OBJC_WEAK = YES;
				CLANG_WARN_BLOCK_CAPTURE_AUTORELEASING = YES;
				CLANG_WARN_BOOL_CONVERSION = YES;
				CLANG_WARN_COMMA = YES;
				CLANG_WARN_CONSTANT_CONVERSION = YES;
				CLANG_WARN_DEPRECATED_OBJC_IMPLEMENTATIONS = YES;
				CLANG_WARN_DIRECT_OBJC_ISA_USAGE = YES_ERROR;
				CLANG_WARN_DOCUMENTATION_COMMENTS = YES;
				CLANG_WARN_EMPTY_BODY = YES;
				CLANG_WARN_ENUM_CONVERSION = YES;
				CLANG_WARN_INFINITE_RECURSION = YES;
				CLANG_WARN_INT_CONVERSION = YES;
				CLANG_WARN_NON_LITERAL_NULL_CONVERSION = YES;
				CLANG_WARN_OBJC_IMPLICIT_RETAIN_SELF = YES;
				CLANG_WARN_OBJC_LITERAL_CONVERSION = YES;
				CLANG_WARN_OBJC_ROOT_CLASS = YES_ERROR;
				CLANG_WARN_QUOTED_INCLUDE_IN_FRAMEWORK_HEADER = YES;
				CLANG_WARN_RANGE_LOOP_ANALYSIS = YES;
				CLANG_WARN_STRICT_PROTOTYPES = YES;
				CLANG_WARN_SUSPICIOUS_MOVE = YES;
				CLANG_WARN_UNGUARDED_AVAILABILITY = YES_AGGRESSIVE;
				CLANG_WARN_UNREACHABLE_CODE = YES;
				CLANG_WARN__DUPLICATE_METHOD_MATCH = YES;
				COPY_PHASE_STRIP = NO;
				DEBUG_INFORMATION_FORMAT = "dwarf-with-dsym";
				ENABLE_NS_ASSERTIONS = NO;
				ENABLE_STRICT_OBJC_MSGSEND = YES;
				GCC_C_LANGUAGE_STANDARD = gnu11;
				GCC_NO_COMMON_BLOCKS = YES;
				GCC_WARN_64_TO_32_BIT_CONVERSION = YES;
				GCC_WARN_ABOUT_RETURN_TYPE = YES_ERROR;
				GCC_WARN_UNDECLARED_SELECTOR = YES;
				GCC_WARN_UNINITIALIZED_AUTOS = YES_AGGRESSIVE;
				GCC_WARN_UNUSED_FUNCTION = YES;
				GCC_WARN_UNUSED_VARIABLE = YES;
				MACOSX_DEPLOYMENT_TARGET = 12.0;
				MTL_ENABLE_DEBUG_INFO = NO;
				MTL_FAST_MATH = YES;
				SDKROOT = macosx;
				SWIFT_COMPILATION_MODE = wholemodule;
				SWIFT_OPTIMIZATION_LEVEL = "-O";
			};
			name = Release;
		};
		97C08D112756CC5C0041887F /* Debug */ = {
			isa = XCBuildConfiguration;
			buildSettings = {
				ASSETCATALOG_COMPILER_APPICON_NAME = AppIcon;
				ASSETCATALOG_COMPILER_GLOBAL_ACCENT_COLOR_NAME = AccentColor;
				CODE_SIGN_ENTITLEMENTS = GameEngine/SupportingFiles/GameEngine.entitlements;
				CODE_SIGN_IDENTITY = "Apple Development";
				CODE_SIGN_STYLE = Automatic;
				COMBINE_HIDPI_IMAGES = YES;
				CURRENT_PROJECT_VERSION = 1;
				DEVELOPMENT_TEAM = AKA4968375;
				ENABLE_HARDENED_RUNTIME = YES;
				GENERATE_INFOPLIST_FILE = YES;
				INFOPLIST_KEY_NSHumanReadableCopyright = "";
				INFOPLIST_KEY_NSMainStoryboardFile = Main;
				INFOPLIST_KEY_NSPrincipalClass = NSApplication;
				LD_RUNPATH_SEARCH_PATHS = (
					"$(inherited)",
					"@executable_path/../Frameworks",
				);
				MARKETING_VERSION = 1.0;
				PRODUCT_BUNDLE_IDENTIFIER = com.metalmaker.GameEngine;
				PRODUCT_NAME = "$(TARGET_NAME)";
				SWIFT_EMIT_LOC_STRINGS = YES;
				SWIFT_VERSION = 5.0;
			};
			name = Debug;
		};
		97C08D122756CC5C0041887F /* Release */ = {
			isa = XCBuildConfiguration;
			buildSettings = {
				ASSETCATALOG_COMPILER_APPICON_NAME = AppIcon;
				ASSETCATALOG_COMPILER_GLOBAL_ACCENT_COLOR_NAME = AccentColor;
				CODE_SIGN_ENTITLEMENTS = GameEngine/SupportingFiles/GameEngine.entitlements;
				CODE_SIGN_IDENTITY = "Apple Development";
				CODE_SIGN_STYLE = Automatic;
				COMBINE_HIDPI_IMAGES = YES;
				CURRENT_PROJECT_VERSION = 1;
				DEVELOPMENT_TEAM = AKA4968375;
				ENABLE_HARDENED_RUNTIME = YES;
				GENERATE_INFOPLIST_FILE = YES;
				INFOPLIST_KEY_NSHumanReadableCopyright = "";
				INFOPLIST_KEY_NSMainStoryboardFile = Main;
				INFOPLIST_KEY_NSPrincipalClass = NSApplication;
				LD_RUNPATH_SEARCH_PATHS = (
					"$(inherited)",
					"@executable_path/../Frameworks",
				);
				MARKETING_VERSION = 1.0;
				PRODUCT_BUNDLE_IDENTIFIER = com.metalmaker.GameEngine;
				PRODUCT_NAME = "$(TARGET_NAME)";
				SWIFT_EMIT_LOC_STRINGS = YES;
				SWIFT_VERSION = 5.0;
			};
			name = Release;
		};
/* End XCBuildConfiguration section */

/* Begin XCConfigurationList section */
		97C08CF92756CC5B0041887F /* Build configuration list for PBXProject "GameEngine" */ = {
			isa = XCConfigurationList;
			buildConfigurations = (
				97C08D0E2756CC5C0041887F /* Debug */,
				97C08D0F2756CC5C0041887F /* Release */,
			);
			defaultConfigurationIsVisible = 0;
			defaultConfigurationName = Release;
		};
		97C08D102756CC5C0041887F /* Build configuration list for PBXNativeTarget "GameEngine" */ = {
			isa = XCConfigurationList;
			buildConfigurations = (
				97C08D112756CC5C0041887F /* Debug */,
				97C08D122756CC5C0041887F /* Release */,
			);
			defaultConfigurationIsVisible = 0;
			defaultConfigurationName = Release;
		};
/* End XCConfigurationList section */

/* Begin XCVersionGroup section */
		97C08D052756CC5B0041887F /* GameEngine.xcdatamodeld */ = {
			isa = XCVersionGroup;
			children = (
				97C08D062756CC5B0041887F /* GameEngine.xcdatamodel */,
			);
			currentVersion = 97C08D062756CC5B0041887F /* GameEngine.xcdatamodel */;
			path = GameEngine.xcdatamodeld;
			sourceTree = "<group>";
			versionGroupType = wrapper.xcdatamodel;
		};
/* End XCVersionGroup section */
	};
	rootObject = 97C08CF62756CC5B0041887F /* Project object */;
}
